
Microsoft Visual Studio Solution File, Format Version 12.00
# Visual Studio Version 16
VisualStudioVersion = 16.0.34031.81
MinimumVisualStudioVersion = 10.0.40219.1
Project("{9092AA53-FB77-4645-B42D-1CCCA6BD08BD}") = "NodejsConsoleApp3", "NodejsConsoleApp3\NodejsConsoleApp3.njsproj", "{FC1C5D36-90C5-4431-83D5-1A961B45D6A4}"
EndProject
Global
	GlobalSection(SolutionConfigurationPlatforms) = preSolution
		Debug|Any CPU = Debug|Any CPU
		Release|Any CPU = Release|Any CPU
	EndGlobalSection
	GlobalSection(ProjectConfigurationPlatforms) = postSolution
		{FC1C5D36-90C5-4431-83D5-1A961B45D6A4}.Debug|Any CPU.ActiveCfg = Debug|Any CPU
		{FC1C5D36-90C5-4431-83D5-1A961B45D6A4}.Debug|Any CPU.Build.0 = Debug|Any CPU
		{FC1C5D36-90C5-4431-83D5-1A961B45D6A4}.Release|Any CPU.ActiveCfg = Release|Any CPU
		{FC1C5D36-90C5-4431-83D5-1A961B45D6A4}.Release|Any CPU.Build.0 = Release|Any CPU
	EndGlobalSection
	GlobalSection(SolutionProperties) = preSolution
		HideSolutionNode = FALSE
	EndGlobalSection
	GlobalSection(ExtensibilityGlobals) = postSolution
		SolutionGuid = {67AABF66-2CED-4B77-9F35-1B1D0EC4C9A9}
	EndGlobalSection
EndGlobal
