
Microsoft Visual Studio Solution File, Format Version 12.00
# Visual Studio Version 16
VisualStudioVersion = 16.0.34031.81
MinimumVisualStudioVersion = 10.0.40219.1
Project("{9092AA53-FB77-4645-B42D-1CCCA6BD08BD}") = "NodejsConsoleApp7", "NodejsConsoleApp7\NodejsConsoleApp7.njsproj", "{7D9B7134-C059-4ACE-8A5E-59E09E6B76F9}"
EndProject
Global
	GlobalSection(SolutionConfigurationPlatforms) = preSolution
		Debug|Any CPU = Debug|Any CPU
		Release|Any CPU = Release|Any CPU
	EndGlobalSection
	GlobalSection(ProjectConfigurationPlatforms) = postSolution
		{7D9B7134-C059-4ACE-8A5E-59E09E6B76F9}.Debug|Any CPU.ActiveCfg = Debug|Any CPU
		{7D9B7134-C059-4ACE-8A5E-59E09E6B76F9}.Debug|Any CPU.Build.0 = Debug|Any CPU
		{7D9B7134-C059-4ACE-8A5E-59E09E6B76F9}.Release|Any CPU.ActiveCfg = Release|Any CPU
		{7D9B7134-C059-4ACE-8A5E-59E09E6B76F9}.Release|Any CPU.Build.0 = Release|Any CPU
	EndGlobalSection
	GlobalSection(SolutionProperties) = preSolution
		HideSolutionNode = FALSE
	EndGlobalSection
	GlobalSection(ExtensibilityGlobals) = postSolution
		SolutionGuid = {C575D666-FE3F-47A7-8630-202150492261}
	EndGlobalSection
EndGlobal
